dependencies:
  espressif/mdns:
    component_hash: 3ec0af5f6bce310512e90f482388d21cc7c0e99668172d2f895356165fc6f7c5
    dependencies:
    - name: idf
      require: private
      version: '>=5.0'
    source:
      registry_url: https://components.espressif.com/
      type: service
    version: 1.8.2
  idf:
    source:
      type: idf
    version: 5.1.6
direct_dependencies:
- espressif/mdns
- idf
manifest_hash: 5c9b5d1c7e215efa0c5588484ef0de1d38e5349e46173168a65ef08cb960b438
target: esp32
version: 2.0.0
